{
  "name": "custom-sticky",
  "version": "0.1.1",
  "lockfileVersion": 1,
  "requires": true,
  "dependencies": {
    "intersection-observer": {
      "version": "0.2.1",
      "resolved": "https://registry.npmjs.org/intersection-observer/-/intersection-observer-0.2.1.tgz",
      "integrity": "sha1-y1UXX07r72Q22Ven0XdNOakkjl4="
    }
  }
}
