{
  "name": "horizontal-pager",
  "version": "4.2.16",
  "lockfileVersion": 3,
  "requires": true,
  "packages": {
    "": {
      "name": "horizontal-pager",
      "version": "4.2.16",
      "funding": [
        {
          "type": "github",
          "url": "https://github.com/sponsors/localnerve"
        },
        {
          "type": "paypal",
          "url": "https://www.paypal.com/ncp/payment/DHCB5GUYMGX5U"
        }
      ],
      "license": "BSD-3-Clause",
      "devDependencies": {}
    }
  }
}
